
Microsoft Visual Studio Solution File, Format Version 12.00
# Visual Studio Version 17
VisualStudioVersion = 17.7.34024.191
MinimumVisualStudioVersion = 10.0.40219.1
Project("{FAE04EC0-301F-11D3-BF4B-00C04F79EFBC}") = "HW5_C_Sharp", "HW5_C_Sharp\HW5_C_Sharp.csproj", "{A9CE40EF-AB13-4AA8-A0DA-4AA1E78FCABB}"
EndProject
Global
	GlobalSection(SolutionConfigurationPlatforms) = preSolution
		Debug|Any CPU = Debug|Any CPU
		Release|Any CPU = Release|Any CPU
	EndGlobalSection
	GlobalSection(ProjectConfigurationPlatforms) = postSolution
		{A9CE40EF-AB13-4AA8-A0DA-4AA1E78FCABB}.Debug|Any CPU.ActiveCfg = Debug|Any CPU
		{A9CE40EF-AB13-4AA8-A0DA-4AA1E78FCABB}.Debug|Any CPU.Build.0 = Debug|Any CPU
		{A9CE40EF-AB13-4AA8-A0DA-4AA1E78FCABB}.Release|Any CPU.ActiveCfg = Release|Any CPU
		{A9CE40EF-AB13-4AA8-A0DA-4AA1E78FCABB}.Release|Any CPU.Build.0 = Release|Any CPU
	EndGlobalSection
	GlobalSection(SolutionProperties) = preSolution
		HideSolutionNode = FALSE
	EndGlobalSection
	GlobalSection(ExtensibilityGlobals) = postSolution
		SolutionGuid = {725BE81D-B74D-4545-9D99-0B84D69CE969}
	EndGlobalSection
EndGlobal
